schema: '2.0'
stages:
  train:
    cmd: python3 train.py
    deps:
    - path: data/dataset.csv
      hash: md5
      md5: 117ae55a0b397428272fa60538fffe57
      size: 61
    - path: train.py
      hash: md5
      md5: 6ebdfc1bda6c9646ad4453d8339a7803
      size: 913
    outs:
    - path: metrics.txt
      hash: md5
      md5: 5bbd2fc597cb78bdc415e16dedb458b3
      size: 17
    - path: model.pkl
      hash: md5
      md5: 5234b362d7e20f0a25fa4545f508be39
      size: 1135
